
Microsoft Visual Studio Solution File, Format Version 12.00
# Visual Studio Version 16
VisualStudioVersion = 16.0.30204.135
MinimumVisualStudioVersion = 10.0.40219.1
Project("{FAE04EC0-301F-11D3-BF4B-00C04F79EFBC}") = "GITHubSpaceGame", "GITHubSpaceGame\GITHubSpaceGame.csproj", "{D23A3EC2-6FC6-400D-ADE1-597177DDEA32}"
EndProject
Global
	GlobalSection(SolutionConfigurationPlatforms) = preSolution
		Debug|Any CPU = Debug|Any CPU
		Release|Any CPU = Release|Any CPU
	EndGlobalSection
	GlobalSection(ProjectConfigurationPlatforms) = postSolution
		{D23A3EC2-6FC6-400D-ADE1-597177DDEA32}.Debug|Any CPU.ActiveCfg = Debug|Any CPU
		{D23A3EC2-6FC6-400D-ADE1-597177DDEA32}.Debug|Any CPU.Build.0 = Debug|Any CPU
		{D23A3EC2-6FC6-400D-ADE1-597177DDEA32}.Release|Any CPU.ActiveCfg = Release|Any CPU
		{D23A3EC2-6FC6-400D-ADE1-597177DDEA32}.Release|Any CPU.Build.0 = Release|Any CPU
	EndGlobalSection
	GlobalSection(SolutionProperties) = preSolution
		HideSolutionNode = FALSE
	EndGlobalSection
	GlobalSection(ExtensibilityGlobals) = postSolution
		SolutionGuid = {1E95F33F-453D-4D1E-AE2D-CCC4D828AA01}
	EndGlobalSection
EndGlobal
